// !$*UTF8*$!
{
	archiveVersion = 1;
	classes = {
	};
	objectVersion = 50;
	objects = {

/* Begin PBXBuildFile section */
		4D6073193184F0C731F27D87 /* Pods_workTimer.framework in Frameworks */ = {isa = PBXBuildFile; fileRef = DBA4716B35242EBEECD86A1D /* Pods_workTimer.framework */; };
		524AB040214D443E00339D2E /* GoogleService-Info.plist in Resources */ = {isa = PBXBuildFile; fileRef = 524AB03F214D443E00339D2E /* GoogleService-Info.plist */; };
		5285886C214D39B500055191 /* AppDelegate.swift in Sources */ = {isa = PBXBuildFile; fileRef = 5285886B214D39B500055191 /* AppDelegate.swift */; };
		5285886E214D39B500055191 /* ViewController.swift in Sources */ = {isa = PBXBuildFile; fileRef = 5285886D214D39B500055191 /* ViewController.swift */; };
		52858871214D39B500055191 /* Main.storyboard in Resources */ = {isa = PBXBuildFile; fileRef = 5285886F214D39B500055191 /* Main.storyboard */; };
		52858873214D39B600055191 /* Assets.xcassets in Resources */ = {isa = PBXBuildFile; fileRef = 52858872214D39B600055191 /* Assets.xcassets */; };
		52858876214D39B600055191 /* LaunchScreen.storyboard in Resources */ = {isa = PBXBuildFile; fileRef = 52858874214D39B600055191 /* LaunchScreen.storyboard */; };
		52A2F401214D8C71008B93BA /* DeviceConst.swift in Sources */ = {isa = PBXBuildFile; fileRef = 52A2F400214D8C71008B93BA /* DeviceConst.swift */; };
		52A2F403214D98E4008B93BA /* Timer.storyboard in Resources */ = {isa = PBXBuildFile; fileRef = 52A2F402214D98E4008B93BA /* Timer.storyboard */; };
		52A2F405214D9904008B93BA /* TimerViewController.swift in Sources */ = {isa = PBXBuildFile; fileRef = 52A2F404214D9904008B93BA /* TimerViewController.swift */; };
/* End PBXBuildFile section */

/* Begin PBXFileReference section */
		12DFB41889577393A3376544 /* Pods-workTimer.debug.xcconfig */ = {isa = PBXFileReference; includeInIndex = 1; lastKnownFileType = text.xcconfig; name = "Pods-workTimer.debug.xcconfig"; path = "Pods/Target Support Files/Pods-workTimer/Pods-workTimer.debug.xcconfig"; sourceTree = "<group>"; };
		1940D83EE531F9DF00263161 /* Pods-workTimer.release.xcconfig */ = {isa = PBXFileReference; includeInIndex = 1; lastKnownFileType = text.xcconfig; name = "Pods-workTimer.release.xcconfig"; path = "Pods/Target Support Files/Pods-workTimer/Pods-workTimer.release.xcconfig"; sourceTree = "<group>"; };
		524AB03F214D443E00339D2E /* GoogleService-Info.plist */ = {isa = PBXFileReference; fileEncoding = 4; lastKnownFileType = text.plist.xml; name = "GoogleService-Info.plist"; path = "../../../../../Downloads/GoogleService-Info.plist"; sourceTree = "<group>"; };
		52858868214D39B500055191 /* workTimer.app */ = {isa = PBXFileReference; explicitFileType = wrapper.application; includeInIndex = 0; path = workTimer.app; sourceTree = BUILT_PRODUCTS_DIR; };
		5285886B214D39B500055191 /* AppDelegate.swift */ = {isa = PBXFileReference; lastKnownFileType = sourcecode.swift; path = AppDelegate.swift; sourceTree = "<group>"; };
		5285886D214D39B500055191 /* ViewController.swift */ = {isa = PBXFileReference; lastKnownFileType = sourcecode.swift; path = ViewController.swift; sourceTree = "<group>"; };
		52858870214D39B500055191 /* Base */ = {isa = PBXFileReference; lastKnownFileType = file.storyboard; name = Base; path = Base.lproj/Main.storyboard; sourceTree = "<group>"; };
		52858872214D39B600055191 /* Assets.xcassets */ = {isa = PBXFileReference; lastKnownFileType = folder.assetcatalog; path = Assets.xcassets; sourceTree = "<group>"; };
		52858875214D39B600055191 /* Base */ = {isa = PBXFileReference; lastKnownFileType = file.storyboard; name = Base; path = Base.lproj/LaunchScreen.storyboard; sourceTree = "<group>"; };
		52858877214D39B600055191 /* Info.plist */ = {isa = PBXFileReference; lastKnownFileType = text.plist.xml; path = Info.plist; sourceTree = "<group>"; };
		52A2F400214D8C71008B93BA /* DeviceConst.swift */ = {isa = PBXFileReference; lastKnownFileType = sourcecode.swift; path = DeviceConst.swift; sourceTree = "<group>"; };
		52A2F402214D98E4008B93BA /* Timer.storyboard */ = {isa = PBXFileReference; lastKnownFileType = file.storyboard; path = Timer.storyboard; sourceTree = "<group>"; };
		52A2F404214D9904008B93BA /* TimerViewController.swift */ = {isa = PBXFileReference; lastKnownFileType = sourcecode.swift; path = TimerViewController.swift; sourceTree = "<group>"; };
		DBA4716B35242EBEECD86A1D /* Pods_workTimer.framework */ = {isa = PBXFileReference; explicitFileType = wrapper.framework; includeInIndex = 0; path = Pods_workTimer.framework; sourceTree = BUILT_PRODUCTS_DIR; };
/* End PBXFileReference section */

/* Begin PBXFrameworksBuildPhase section */
		52858865214D39B500055191 /* Frameworks */ = {
			isa = PBXFrameworksBuildPhase;
			buildActionMask = 2147483647;
			files = (
				4D6073193184F0C731F27D87 /* Pods_workTimer.framework in Frameworks */,
			);
			runOnlyForDeploymentPostprocessing = 0;
		};
/* End PBXFrameworksBuildPhase section */

/* Begin PBXGroup section */
		443038BA379BE0886EF85CE9 /* Frameworks */ = {
			isa = PBXGroup;
			children = (
				DBA4716B35242EBEECD86A1D /* Pods_workTimer.framework */,
			);
			name = Frameworks;
			sourceTree = "<group>";
		};
		5285885F214D39B500055191 = {
			isa = PBXGroup;
			children = (
				5285886A214D39B500055191 /* workTimer */,
				52858869214D39B500055191 /* Products */,
				817E0DB84F4353820783AF88 /* Pods */,
				443038BA379BE0886EF85CE9 /* Frameworks */,
			);
			sourceTree = "<group>";
		};
		52858869214D39B500055191 /* Products */ = {
			isa = PBXGroup;
			children = (
				52858868214D39B500055191 /* workTimer.app */,
			);
			name = Products;
			sourceTree = "<group>";
		};
		5285886A214D39B500055191 /* workTimer */ = {
			isa = PBXGroup;
			children = (
				524AB03F214D443E00339D2E /* GoogleService-Info.plist */,
				5285886B214D39B500055191 /* AppDelegate.swift */,
				5285886D214D39B500055191 /* ViewController.swift */,
				5285886F214D39B500055191 /* Main.storyboard */,
				52858872214D39B600055191 /* Assets.xcassets */,
				52858874214D39B600055191 /* LaunchScreen.storyboard */,
				52858877214D39B600055191 /* Info.plist */,
				52A2F400214D8C71008B93BA /* DeviceConst.swift */,
				52A2F402214D98E4008B93BA /* Timer.storyboard */,
				52A2F404214D9904008B93BA /* TimerViewController.swift */,
			);
			path = workTimer;
			sourceTree = "<group>";
		};
		817E0DB84F4353820783AF88 /* Pods */ = {
			isa = PBXGroup;
			children = (
				12DFB41889577393A3376544 /* Pods-workTimer.debug.xcconfig */,
				1940D83EE531F9DF00263161 /* Pods-workTimer.release.xcconfig */,
			);
			name = Pods;
			sourceTree = "<group>";
		};
/* End PBXGroup section */

/* Begin PBXNativeTarget section */
		52858867214D39B500055191 /* workTimer */ = {
			isa = PBXNativeTarget;
			buildConfigurationList = 5285887A214D39B600055191 /* Build configuration list for PBXNativeTarget "workTimer" */;
			buildPhases = (
				8F3B2CB37A2CC45AF67D7375 /* [CP] Check Pods Manifest.lock */,
				52858864214D39B500055191 /* Sources */,
				52858865214D39B500055191 /* Frameworks */,
				52858866214D39B500055191 /* Resources */,
				797CD138222E65F2852D818E /* [CP] Embed Pods Frameworks */,
			);
			buildRules = (
			);
			dependencies = (
			);
			name = workTimer;
			productName = workTimer;
			productReference = 52858868214D39B500055191 /* workTimer.app */;
			productType = "com.apple.product-type.application";
		};
/* End PBXNativeTarget section */

/* Begin PBXProject section */
		52858860214D39B500055191 /* Project object */ = {
			isa = PBXProject;
			attributes = {
				LastSwiftUpdateCheck = 0940;
				LastUpgradeCheck = 0940;
				ORGANIZATIONNAME = shiba;
				TargetAttributes = {
					52858867214D39B500055191 = {
						CreatedOnToolsVersion = 9.4.1;
					};
				};
			};
			buildConfigurationList = 52858863214D39B500055191 /* Build configuration list for PBXProject "workTimer" */;
			compatibilityVersion = "Xcode 9.3";
			developmentRegion = en;
			hasScannedForEncodings = 0;
			knownRegions = (
				en,
				Base,
			);
			mainGroup = 5285885F214D39B500055191;
			productRefGroup = 52858869214D39B500055191 /* Products */;
			projectDirPath = "";
			projectRoot = "";
			targets = (
				52858867214D39B500055191 /* workTimer */,
			);
		};
/* End PBXProject section */

/* Begin PBXResourcesBuildPhase section */
		52858866214D39B500055191 /* Resources */ = {
			isa = PBXResourcesBuildPhase;
			buildActionMask = 2147483647;
			files = (
				52A2F403214D98E4008B93BA /* Timer.storyboard in Resources */,
				52858876214D39B600055191 /* LaunchScreen.storyboard in Resources */,
				524AB040214D443E00339D2E /* GoogleService-Info.plist in Resources */,
				52858873214D39B600055191 /* Assets.xcassets in Resources */,
				52858871214D39B500055191 /* Main.storyboard in Resources */,
			);
			runOnlyForDeploymentPostprocessing = 0;
		};
/* End PBXResourcesBuildPhase section */

/* Begin PBXShellScriptBuildPhase section */
		797CD138222E65F2852D818E /* [CP] Embed Pods Frameworks */ = {
			isa = PBXShellScriptBuildPhase;
			buildActionMask = 2147483647;
			files = (
			);
			inputPaths = (
				"${SRCROOT}/Pods/Target Support Files/Pods-workTimer/Pods-workTimer-frameworks.sh",
				"${BUILT_PRODUCTS_DIR}/GTMSessionFetcher/GTMSessionFetcher.framework",
				"${BUILT_PRODUCTS_DIR}/GoogleToolboxForMac/GoogleToolboxForMac.framework",
				"${BUILT_PRODUCTS_DIR}/SpringIndicator/SpringIndicator.framework",
				"${BUILT_PRODUCTS_DIR}/leveldb-library/leveldb.framework",
				"${BUILT_PRODUCTS_DIR}/nanopb/nanopb.framework",
			);
			name = "[CP] Embed Pods Frameworks";
			outputPaths = (
				"${TARGET_BUILD_DIR}/${FRAMEWORKS_FOLDER_PATH}/GTMSessionFetcher.framework",
				"${TARGET_BUILD_DIR}/${FRAMEWORKS_FOLDER_PATH}/GoogleToolboxForMac.framework",
				"${TARGET_BUILD_DIR}/${FRAMEWORKS_FOLDER_PATH}/SpringIndicator.framework",
				"${TARGET_BUILD_DIR}/${FRAMEWORKS_FOLDER_PATH}/leveldb.framework",
				"${TARGET_BUILD_DIR}/${FRAMEWORKS_FOLDER_PATH}/nanopb.framework",
			);
			runOnlyForDeploymentPostprocessing = 0;
			shellPath = /bin/sh;
			shellScript = "\"${SRCROOT}/Pods/Target Support Files/Pods-workTimer/Pods-workTimer-frameworks.sh\"\n";
			showEnvVarsInLog = 0;
		};
		8F3B2CB37A2CC45AF67D7375 /* [CP] Check Pods Manifest.lock */ = {
			isa = PBXShellScriptBuildPhase;
			buildActionMask = 2147483647;
			files = (
			);
			inputPaths = (
				"${PODS_PODFILE_DIR_PATH}/Podfile.lock",
				"${PODS_ROOT}/Manifest.lock",
			);
			name = "[CP] Check Pods Manifest.lock";
			outputPaths = (
				"$(DERIVED_FILE_DIR)/Pods-workTimer-checkManifestLockResult.txt",
			);
			runOnlyForDeploymentPostprocessing = 0;
			shellPath = /bin/sh;
			shellScript = "diff \"${PODS_PODFILE_DIR_PATH}/Podfile.lock\" \"${PODS_ROOT}/Manifest.lock\" > /dev/null\nif [ $? != 0 ] ; then\n    # print error to STDERR\n    echo \"error: The sandbox is not in sync with the Podfile.lock. Run 'pod install' or update your CocoaPods installation.\" >&2\n    exit 1\nfi\n# This output is used by Xcode 'outputs' to avoid re-running this script phase.\necho \"SUCCESS\" > \"${SCRIPT_OUTPUT_FILE_0}\"\n";
			showEnvVarsInLog = 0;
		};
/* End PBXShellScriptBuildPhase section */

/* Begin PBXSourcesBuildPhase section */
		52858864214D39B500055191 /* Sources */ = {
			isa = PBXSourcesBuildPhase;
			buildActionMask = 2147483647;
			files = (
				52A2F405214D9904008B93BA /* TimerViewController.swift in Sources */,
				5285886E214D39B500055191 /* ViewController.swift in Sources */,
				5285886C214D39B500055191 /* AppDelegate.swift in Sources */,
				52A2F401214D8C71008B93BA /* DeviceConst.swift in Sources */,
			);
			runOnlyForDeploymentPostprocessing = 0;
		};
/* End PBXSourcesBuildPhase section */

/* Begin PBXVariantGroup section */
		5285886F214D39B500055191 /* Main.storyboard */ = {
			isa = PBXVariantGroup;
			children = (
				52858870214D39B500055191 /* Base */,
			);
			name = Main.storyboard;
			sourceTree = "<group>";
		};
		52858874214D39B600055191 /* LaunchScreen.storyboard */ = {
			isa = PBXVariantGroup;
			children = (
				52858875214D39B600055191 /* Base */,
			);
			name = LaunchScreen.storyboard;
			sourceTree = "<group>";
		};
/* End PBXVariantGroup section */

/* Begin XCBuildConfiguration section */
		52858878214D39B600055191 /* Debug */ = {
			isa = XCBuildConfiguration;
			buildSettings = {
				ALWAYS_SEARCH_USER_PATHS = NO;
				CLANG_ANALYZER_NONNULL = YES;
				CLANG_ANALYZER_NUMBER_OBJECT_CONVERSION = YES_AGGRESSIVE;
				CLANG_CXX_LANGUAGE_STANDARD = "gnu++14";
				CLANG_CXX_LIBRARY = "libc++";
				CLANG_ENABLE_MODULES = YES;
				CLANG_ENABLE_OBJC_ARC = YES;
				CLANG_ENABLE_OBJC_WEAK = YES;
				CLANG_WARN_BLOCK_CAPTURE_AUTORELEASING = YES;
				CLANG_WARN_BOOL_CONVERSION = YES;
				CLANG_WARN_COMMA = YES;
				CLANG_WARN_CONSTANT_CONVERSION = YES;
				CLANG_WARN_DEPRECATED_OBJC_IMPLEMENTATIONS = YES;
				CLANG_WARN_DIRECT_OBJC_ISA_USAGE = YES_ERROR;
				CLANG_WARN_DOCUMENTATION_COMMENTS = YES;
				CLANG_WARN_EMPTY_BODY = YES;
				CLANG_WARN_ENUM_CONVERSION = YES;
				CLANG_WARN_INFINITE_RECURSION = YES;
				CLANG_WARN_INT_CONVERSION = YES;
				CLANG_WARN_NON_LITERAL_NULL_CONVERSION = YES;
				CLANG_WARN_OBJC_IMPLICIT_RETAIN_SELF = YES;
				CLANG_WARN_OBJC_LITERAL_CONVERSION = YES;
				CLANG_WARN_OBJC_ROOT_CLASS = YES_ERROR;
				CLANG_WARN_RANGE_LOOP_ANALYSIS = YES;
				CLANG_WARN_STRICT_PROTOTYPES = YES;
				CLANG_WARN_SUSPICIOUS_MOVE = YES;
				CLANG_WARN_UNGUARDED_AVAILABILITY = YES_AGGRESSIVE;
				CLANG_WARN_UNREACHABLE_CODE = YES;
				CLANG_WARN__DUPLICATE_METHOD_MATCH = YES;
				CODE_SIGN_IDENTITY = "iPhone Developer";
				COPY_PHASE_STRIP = NO;
				DEBUG_INFORMATION_FORMAT = dwarf;
				ENABLE_STRICT_OBJC_MSGSEND = YES;
				ENABLE_TESTABILITY = YES;
				GCC_C_LANGUAGE_STANDARD = gnu11;
				GCC_DYNAMIC_NO_PIC = NO;
				GCC_NO_COMMON_BLOCKS = YES;
				GCC_OPTIMIZATION_LEVEL = 0;
				GCC_PREPROCESSOR_DEFINITIONS = (
					"DEBUG=1",
					"$(inherited)",
				);
				GCC_WARN_64_TO_32_BIT_CONVERSION = YES;
				GCC_WARN_ABOUT_RETURN_TYPE = YES_ERROR;
				GCC_WARN_UNDECLARED_SELECTOR = YES;
				GCC_WARN_UNINITIALIZED_AUTOS = YES_AGGRESSIVE;
				GCC_WARN_UNUSED_FUNCTION = YES;
				GCC_WARN_UNUSED_VARIABLE = YES;
				IPHONEOS_DEPLOYMENT_TARGET = 11.4;
				MTL_ENABLE_DEBUG_INFO = YES;
				ONLY_ACTIVE_ARCH = YES;
				SDKROOT = iphoneos;
				SWIFT_ACTIVE_COMPILATION_CONDITIONS = DEBUG;
				SWIFT_OPTIMIZATION_LEVEL = "-Onone";
			};
			name = Debug;
		};
		52858879214D39B600055191 /* Release */ = {
			isa = XCBuildConfiguration;
			buildSettings = {
				ALWAYS_SEARCH_USER_PATHS = NO;
				CLANG_ANALYZER_NONNULL = YES;
				CLANG_ANALYZER_NUMBER_OBJECT_CONVERSION = YES_AGGRESSIVE;
				CLANG_CXX_LANGUAGE_STANDARD = "gnu++14";
				CLANG_CXX_LIBRARY = "libc++";
				CLANG_ENABLE_MODULES = YES;
				CLANG_ENABLE_OBJC_ARC = YES;
				CLANG_ENABLE_OBJC_WEAK = YES;
				CLANG_WARN_BLOCK_CAPTURE_AUTORELEASING = YES;
				CLANG_WARN_BOOL_CONVERSION = YES;
				CLANG_WARN_COMMA = YES;
				CLANG_WARN_CONSTANT_CONVERSION = YES;
				CLANG_WARN_DEPRECATED_OBJC_IMPLEMENTATIONS = YES;
				CLANG_WARN_DIRECT_OBJC_ISA_USAGE = YES_ERROR;
				CLANG_WARN_DOCUMENTATION_COMMENTS = YES;
				CLANG_WARN_EMPTY_BODY = YES;
				CLANG_WARN_ENUM_CONVERSION = YES;
				CLANG_WARN_INFINITE_RECURSION = YES;
				CLANG_WARN_INT_CONVERSION = YES;
				CLANG_WARN_NON_LITERAL_NULL_CONVERSION = YES;
				CLANG_WARN_OBJC_IMPLICIT_RETAIN_SELF = YES;
				CLANG_WARN_OBJC_LITERAL_CONVERSION = YES;
				CLANG_WARN_OBJC_ROOT_CLASS = YES_ERROR;
				CLANG_WARN_RANGE_LOOP_ANALYSIS = YES;
				CLANG_WARN_STRICT_PROTOTYPES = YES;
				CLANG_WARN_SUSPICIOUS_MOVE = YES;
				CLANG_WARN_UNGUARDED_AVAILABILITY = YES_AGGRESSIVE;
				CLANG_WARN_UNREACHABLE_CODE = YES;
				CLANG_WARN__DUPLICATE_METHOD_MATCH = YES;
				CODE_SIGN_IDENTITY = "iPhone Developer";
				COPY_PHASE_STRIP = NO;
				DEBUG_INFORMATION_FORMAT = "dwarf-with-dsym";
				ENABLE_NS_ASSERTIONS = NO;
				ENABLE_STRICT_OBJC_MSGSEND = YES;
				GCC_C_LANGUAGE_STANDARD = gnu11;
				GCC_NO_COMMON_BLOCKS = YES;
				GCC_WARN_64_TO_32_BIT_CONVERSION = YES;
				GCC_WARN_ABOUT_RETURN_TYPE = YES_ERROR;
				GCC_WARN_UNDECLARED_SELECTOR = YES;
				GCC_WARN_UNINITIALIZED_AUTOS = YES_AGGRESSIVE;
				GCC_WARN_UNUSED_FUNCTION = YES;
				GCC_WARN_UNUSED_VARIABLE = YES;
				IPHONEOS_DEPLOYMENT_TARGET = 11.4;
				MTL_ENABLE_DEBUG_INFO = NO;
				SDKROOT = iphoneos;
				SWIFT_COMPILATION_MODE = wholemodule;
				SWIFT_OPTIMIZATION_LEVEL = "-O";
				VALIDATE_PRODUCT = YES;
			};
			name = Release;
		};
		5285887B214D39B600055191 /* Debug */ = {
			isa = XCBuildConfiguration;
			baseConfigurationReference = 12DFB41889577393A3376544 /* Pods-workTimer.debug.xcconfig */;
			buildSettings = {
				ASSETCATALOG_COMPILER_APPICON_NAME = AppIcon;
				CODE_SIGN_STYLE = Automatic;
				DEVELOPMENT_TEAM = GFA4QR5SBY;
				INFOPLIST_FILE = workTimer/Info.plist;
				LD_RUNPATH_SEARCH_PATHS = (
					"$(inherited)",
					"@executable_path/Frameworks",
				);
				PRODUCT_BUNDLE_IDENTIFIER = com.shiba.workTimer;
				PRODUCT_NAME = "$(TARGET_NAME)";
				SWIFT_VERSION = 4.0;
				TARGETED_DEVICE_FAMILY = 2;
			};
			name = Debug;
		};
		5285887C214D39B600055191 /* Release */ = {
			isa = XCBuildConfiguration;
			baseConfigurationReference = 1940D83EE531F9DF00263161 /* Pods-workTimer.release.xcconfig */;
			buildSettings = {
				ASSETCATALOG_COMPILER_APPICON_NAME = AppIcon;
				CODE_SIGN_STYLE = Automatic;
				DEVELOPMENT_TEAM = GFA4QR5SBY;
				INFOPLIST_FILE = workTimer/Info.plist;
				LD_RUNPATH_SEARCH_PATHS = (
					"$(inherited)",
					"@executable_path/Frameworks",
				);
				PRODUCT_BUNDLE_IDENTIFIER = com.shiba.workTimer;
				PRODUCT_NAME = "$(TARGET_NAME)";
				SWIFT_VERSION = 4.0;
				TARGETED_DEVICE_FAMILY = 2;
			};
			name = Release;
		};
/* End XCBuildConfiguration section */

/* Begin XCConfigurationList section */
		52858863214D39B500055191 /* Build configuration list for PBXProject "workTimer" */ = {
			isa = XCConfigurationList;
			buildConfigurations = (
				52858878214D39B600055191 /* Debug */,
				52858879214D39B600055191 /* Release */,
			);
			defaultConfigurationIsVisible = 0;
			defaultConfigurationName = Release;
		};
		5285887A214D39B600055191 /* Build configuration list for PBXNativeTarget "workTimer" */ = {
			isa = XCConfigurationList;
			buildConfigurations = (
				5285887B214D39B600055191 /* Debug */,
				5285887C214D39B600055191 /* Release */,
			);
			defaultConfigurationIsVisible = 0;
			defaultConfigurationName = Release;
		};
/* End XCConfigurationList section */
	};
	rootObject = 52858860214D39B500055191 /* Project object */;
}
